{
  "name": "components",
  "version": "1.0.0",
  "lockfileVersion": 3,
  "requires": true,
  "packages": {
    "": {
      "name": "components",
      "version": "1.0.0",
      "license": "ISC",
      "dependencies": {
        "modujs": "^1.4.2"
      }
    },
    "node_modules/modujs": {
      "version": "1.4.2",
      "resolved": "https://registry.npmjs.org/modujs/-/modujs-1.4.2.tgz",
      "integrity": "sha512-avRHEER9hblxPSDEqX3Z05rmjp8pAcbZL4BjLqxfpL8jDxyCJUEO71fLC8raSLnfg7C3GRTwsN/nAPGiKDO3dA=="
    }
  }
}
